
Microsoft Visual Studio Solution File, Format Version 12.00
# Visual Studio 15
VisualStudioVersion = 15.0.27428.2005
MinimumVisualStudioVersion = 10.0.40219.1
Project("{FAE04EC0-301F-11D3-BF4B-00C04F79EFBC}") = "Chess", "Chess\Chess.csproj", "{740D952C-4243-4E5F-B949-05CB58F8F67C}"
EndProject
Project("{FAE04EC0-301F-11D3-BF4B-00C04F79EFBC}") = "Game", "Game\Game.csproj", "{FE4922F0-79AE-48A1-9017-B46F0799FA9E}"
EndProject
Global
	GlobalSection(SolutionConfigurationPlatforms) = preSolution
		Debug|Any CPU = Debug|Any CPU
		Release|Any CPU = Release|Any CPU
	EndGlobalSection
	GlobalSection(ProjectConfigurationPlatforms) = postSolution
		{740D952C-4243-4E5F-B949-05CB58F8F67C}.Debug|Any CPU.ActiveCfg = Debug|Any CPU
		{740D952C-4243-4E5F-B949-05CB58F8F67C}.Debug|Any CPU.Build.0 = Debug|Any CPU
		{740D952C-4243-4E5F-B949-05CB58F8F67C}.Release|Any CPU.ActiveCfg = Release|Any CPU
		{740D952C-4243-4E5F-B949-05CB58F8F67C}.Release|Any CPU.Build.0 = Release|Any CPU
		{FE4922F0-79AE-48A1-9017-B46F0799FA9E}.Debug|Any CPU.ActiveCfg = Debug|Any CPU
		{FE4922F0-79AE-48A1-9017-B46F0799FA9E}.Debug|Any CPU.Build.0 = Debug|Any CPU
		{FE4922F0-79AE-48A1-9017-B46F0799FA9E}.Release|Any CPU.ActiveCfg = Release|Any CPU
		{FE4922F0-79AE-48A1-9017-B46F0799FA9E}.Release|Any CPU.Build.0 = Release|Any CPU
	EndGlobalSection
	GlobalSection(SolutionProperties) = preSolution
		HideSolutionNode = FALSE
	EndGlobalSection
	GlobalSection(ExtensibilityGlobals) = postSolution
		SolutionGuid = {01DA2516-88CC-4305-BEC2-F9F9F49AC07F}
	EndGlobalSection
EndGlobal
